<Solution>
  <Folder Name="/src/">
    <Project Path="src/Gateway.Core/Gateway.Core.csproj" />
    <Project Path="src/Gateway.Da/Gateway.Da.csproj" />
    <Project Path="src/Gateway.Host/Gateway.Host.csproj" />
    <Project Path="src/Gateway.Ua/Gateway.Ua.csproj" />
    <Project Path="src/Gateway.Web/Gateway.Web.csproj" />
  </Folder>
  <Folder Name="/tests/">
    <Project Path="tests/Gateway.Tests/Gateway.Tests.csproj" />
  </Folder>
  <Folder Name="/tools/">
    <Project Path="tools/TimestampProbe/TimestampProbe.csproj" />
  </Folder>
</Solution>
